# THIS IS AN AUTOGENERATED FILE. DO NOT EDIT THIS FILE DIRECTLY.
# yarn lockfile v1


"@ngtools/webpack@^1.3.0":
  version "1.3.1"
  resolved "https://registry.yarnpkg.com/@ngtools/webpack/-/webpack-1.3.1.tgz#12149b6b9cb3bf858f4b2ae9650456e17674d2eb"
  dependencies:
    enhanced-resolve "^3.1.0"
    loader-utils "^1.0.2"
    magic-string "^0.19.0"
    source-map "^0.5.6"

angular-router-loader@^0.6.0:
  version "0.6.0"
  resolved "https://registry.yarnpkg.com/angular-router-loader/-/angular-router-loader-0.6.0.tgz#6c7caf7f1ea6acc6e2bc682cef91a343e9a7f3b5"
  dependencies:
    loader-utils "^1.0.2"

angular2-template-loader@0.6.1:
  version "0.6.1"
  resolved "https://registry.yarnpkg.com/angular2-template-loader/-/angular2-template-loader-0.6.1.tgz#989efeca338070e4abe775d544b81edb656aac7b"
  dependencies:
    loader-utils "^0.2.15"

awesome-typescript-loader@^3.1.2:
  version "3.1.2"
  resolved "https://registry.yarnpkg.com/awesome-typescript-loader/-/awesome-typescript-loader-3.1.2.tgz#3df192b91a6285f795ca65e63aad114fbb44f710"
  dependencies:
    colors "^1.1.2"
    enhanced-resolve "^3.1.0"
    loader-utils "^1.0.2"
    lodash "^4.17.4"
    mkdirp "^0.5.1"
    object-assign "^4.1.1"
    source-map-support "^0.4.11"

balanced-match@^0.4.1:
  version "0.4.2"
  resolved "https://registry.yarnpkg.com/balanced-match/-/balanced-match-0.4.2.tgz#cb3f3e3c732dc0f01ee70b403f302e61d7709838"

big.js@^3.1.3:
  version "3.1.3"
  resolved "https://registry.yarnpkg.com/big.js/-/big.js-3.1.3.tgz#4cada2193652eb3ca9ec8e55c9015669c9806978"

brace-expansion@^1.0.0:
  version "1.1.7"
  resolved "https://registry.yarnpkg.com/brace-expansion/-/brace-expansion-1.1.7.tgz#3effc3c50e000531fb720eaff80f0ae8ef23cf59"
  dependencies:
    balanced-match "^0.4.1"
    concat-map "0.0.1"

buffer-shims@~1.0.0:
  version "1.0.0"
  resolved "https://registry.yarnpkg.com/buffer-shims/-/buffer-shims-1.0.0.tgz#9978ce317388c649ad8793028c3477ef044a8b51"

colors@^1.1.2:
  version "1.1.2"
  resolved "https://registry.yarnpkg.com/colors/-/colors-1.1.2.tgz#168a4701756b6a7f51a12ce0c97bfa28c084ed63"

concat-map@0.0.1:
  version "0.0.1"
  resolved "https://registry.yarnpkg.com/concat-map/-/concat-map-0.0.1.tgz#d8a96bd77fd68df7793a73036a3ba0d5405d477b"

core-util-is@~1.0.0:
  version "1.0.2"
  resolved "https://registry.yarnpkg.com/core-util-is/-/core-util-is-1.0.2.tgz#b5fd54220aa2bc5ab57aab7140c940754503c1a7"

emojis-list@^2.0.0:
  version "2.1.0"
  resolved "https://registry.yarnpkg.com/emojis-list/-/emojis-list-2.1.0.tgz#4daa4d9db00f9819880c79fa457ae5b09a1fd389"

enhanced-resolve@^3.1.0:
  version "3.1.0"
  resolved "https://registry.yarnpkg.com/enhanced-resolve/-/enhanced-resolve-3.1.0.tgz#9f4b626f577245edcf4b2ad83d86e17f4f421dec"
  dependencies:
    graceful-fs "^4.1.2"
    memory-fs "^0.4.0"
    object-assign "^4.0.1"
    tapable "^0.2.5"

errno@^0.1.3:
  version "0.1.4"
  resolved "https://registry.yarnpkg.com/errno/-/errno-0.1.4.tgz#b896e23a9e5e8ba33871fc996abd3635fc9a1c7d"
  dependencies:
    prr "~0.0.0"

fs.realpath@^1.0.0:
  version "1.0.0"
  resolved "https://registry.yarnpkg.com/fs.realpath/-/fs.realpath-1.0.0.tgz#1504ad2523158caa40db4a2787cb01411994ea4f"

glob@^7.0.5:
  version "7.1.1"
  resolved "https://registry.yarnpkg.com/glob/-/glob-7.1.1.tgz#805211df04faaf1c63a3600306cdf5ade50b2ec8"
  dependencies:
    fs.realpath "^1.0.0"
    inflight "^1.0.4"
    inherits "2"
    minimatch "^3.0.2"
    once "^1.3.0"
    path-is-absolute "^1.0.0"

graceful-fs@^4.1.2:
  version "4.1.11"
  resolved "https://registry.yarnpkg.com/graceful-fs/-/graceful-fs-4.1.11.tgz#0e8bdfe4d1ddb8854d64e04ea7c00e2a026e5658"

inflight@^1.0.4:
  version "1.0.6"
  resolved "https://registry.yarnpkg.com/inflight/-/inflight-1.0.6.tgz#49bd6331d7d02d0c09bc910a1075ba8165b56df9"
  dependencies:
    once "^1.3.0"
    wrappy "1"

inherits@2, inherits@~2.0.1:
  version "2.0.3"
  resolved "https://registry.yarnpkg.com/inherits/-/inherits-2.0.3.tgz#633c2c83e3da42a502f52466022480f4208261de"

isarray@~1.0.0:
  version "1.0.0"
  resolved "https://registry.yarnpkg.com/isarray/-/isarray-1.0.0.tgz#bb935d48582cba168c06834957a54a3e07124f11"

json5@^0.5.0:
  version "0.5.1"
  resolved "https://registry.yarnpkg.com/json5/-/json5-0.5.1.tgz#1eade7acc012034ad84e2396767ead9fa5495821"

loader-utils@^0.2.15:
  version "0.2.17"
  resolved "https://registry.yarnpkg.com/loader-utils/-/loader-utils-0.2.17.tgz#f86e6374d43205a6e6c60e9196f17c0299bfb348"
  dependencies:
    big.js "^3.1.3"
    emojis-list "^2.0.0"
    json5 "^0.5.0"
    object-assign "^4.0.1"

loader-utils@^1.0.2:
  version "1.1.0"
  resolved "https://registry.yarnpkg.com/loader-utils/-/loader-utils-1.1.0.tgz#c98aef488bcceda2ffb5e2de646d6a754429f5cd"
  dependencies:
    big.js "^3.1.3"
    emojis-list "^2.0.0"
    json5 "^0.5.0"

lodash@^4.17.4:
  version "4.17.4"
  resolved "https://registry.yarnpkg.com/lodash/-/lodash-4.17.4.tgz#78203a4d1c328ae1d86dca6460e369b57f4055ae"

magic-string@^0.19.0:
  version "0.19.0"
  resolved "https://registry.yarnpkg.com/magic-string/-/magic-string-0.19.0.tgz#198948217254e3e0b93080e01146b7c73b2a06b2"
  dependencies:
    vlq "^0.2.1"

memory-fs@^0.4.0:
  version "0.4.1"
  resolved "https://registry.yarnpkg.com/memory-fs/-/memory-fs-0.4.1.tgz#3a9a20b8462523e447cfbc7e8bb80ed667bfc552"
  dependencies:
    errno "^0.1.3"
    readable-stream "^2.0.1"

minimatch@^3.0.2:
  version "3.0.3"
  resolved "https://registry.yarnpkg.com/minimatch/-/minimatch-3.0.3.tgz#2a4e4090b96b2db06a9d7df01055a62a77c9b774"
  dependencies:
    brace-expansion "^1.0.0"

minimist@0.0.8:
  version "0.0.8"
  resolved "https://registry.yarnpkg.com/minimist/-/minimist-0.0.8.tgz#857fcabfc3397d2625b8228262e86aa7a011b05d"

mkdirp@^0.5.1:
  version "0.5.1"
  resolved "https://registry.yarnpkg.com/mkdirp/-/mkdirp-0.5.1.tgz#30057438eac6cf7f8c4767f38648d6697d75c903"
  dependencies:
    minimist "0.0.8"

object-assign@^4.0.1, object-assign@^4.1.0, object-assign@^4.1.1:
  version "4.1.1"
  resolved "https://registry.yarnpkg.com/object-assign/-/object-assign-4.1.1.tgz#2109adc7965887cfc05cbbd442cac8bfbb360863"

once@^1.3.0:
  version "1.4.0"
  resolved "https://registry.yarnpkg.com/once/-/once-1.4.0.tgz#583b1aa775961d4b113ac17d9c50baef9dd76bd1"
  dependencies:
    wrappy "1"

path-is-absolute@^1.0.0:
  version "1.0.1"
  resolved "https://registry.yarnpkg.com/path-is-absolute/-/path-is-absolute-1.0.1.tgz#174b9268735534ffbc7ace6bf53a5a9e1b5c5f5f"

process-nextick-args@~1.0.6:
  version "1.0.7"
  resolved "https://registry.yarnpkg.com/process-nextick-args/-/process-nextick-args-1.0.7.tgz#150e20b756590ad3f91093f25a4f2ad8bff30ba3"

prr@~0.0.0:
  version "0.0.0"
  resolved "https://registry.yarnpkg.com/prr/-/prr-0.0.0.tgz#1a84b85908325501411853d0081ee3fa86e2926a"

query-string@^4.3.4:
  version "4.3.4"
  resolved "https://registry.yarnpkg.com/query-string/-/query-string-4.3.4.tgz#bbb693b9ca915c232515b228b1a02b609043dbeb"
  dependencies:
    object-assign "^4.1.0"
    strict-uri-encode "^1.0.0"

readable-stream@^2.0.1:
  version "2.2.9"
  resolved "https://registry.yarnpkg.com/readable-stream/-/readable-stream-2.2.9.tgz#cf78ec6f4a6d1eb43d26488cac97f042e74b7fc8"
  dependencies:
    buffer-shims "~1.0.0"
    core-util-is "~1.0.0"
    inherits "~2.0.1"
    isarray "~1.0.0"
    process-nextick-args "~1.0.6"
    string_decoder "~1.0.0"
    util-deprecate "~1.0.1"

rimraf@^2.4.4:
  version "2.6.1"
  resolved "https://registry.yarnpkg.com/rimraf/-/rimraf-2.6.1.tgz#c2338ec643df7a1b7fe5c54fa86f57428a55f33d"
  dependencies:
    glob "^7.0.5"

semver@^5.3.0:
  version "5.3.0"
  resolved "https://registry.yarnpkg.com/semver/-/semver-5.3.0.tgz#9b2ce5d3de02d17c6012ad326aa6b4d0cf54f94f"

source-map-support@^0.4.11:
  version "0.4.14"
  resolved "https://registry.yarnpkg.com/source-map-support/-/source-map-support-0.4.14.tgz#9d4463772598b86271b4f523f6c1f4e02a7d6aef"
  dependencies:
    source-map "^0.5.6"

source-map@^0.5.6:
  version "0.5.6"
  resolved "https://registry.yarnpkg.com/source-map/-/source-map-0.5.6.tgz#75ce38f52bf0733c5a7f0c118d81334a2bb5f412"

strict-uri-encode@^1.0.0:
  version "1.1.0"
  resolved "https://registry.yarnpkg.com/strict-uri-encode/-/strict-uri-encode-1.1.0.tgz#279b225df1d582b1f54e65addd4352e18faa0713"

string_decoder@~1.0.0:
  version "1.0.0"
  resolved "https://registry.yarnpkg.com/string_decoder/-/string_decoder-1.0.0.tgz#f06f41157b664d86069f84bdbdc9b0d8ab281667"
  dependencies:
    buffer-shims "~1.0.0"

tapable@^0.2.5:
  version "0.2.6"
  resolved "https://registry.yarnpkg.com/tapable/-/tapable-0.2.6.tgz#206be8e188860b514425375e6f1ae89bfb01fd8d"

tslint-loader@^3.5.1:
  version "3.5.3"
  resolved "https://registry.yarnpkg.com/tslint-loader/-/tslint-loader-3.5.3.tgz#343f74122d94f356b689457d3f59f64a69ab606f"
  dependencies:
    loader-utils "^1.0.2"
    mkdirp "^0.5.1"
    object-assign "^4.1.1"
    rimraf "^2.4.4"
    semver "^5.3.0"

typescript@^2.2.2:
  version "2.3.0"
  resolved "https://registry.yarnpkg.com/typescript/-/typescript-2.3.0.tgz#2e63e09284392bc8158a2444c33e2093795c0418"

util-deprecate@~1.0.1:
  version "1.0.2"
  resolved "https://registry.yarnpkg.com/util-deprecate/-/util-deprecate-1.0.2.tgz#450d4dc9fa70de732762fbd2d4a28981419a0ccf"

vlq@^0.2.1:
  version "0.2.2"
  resolved "https://registry.yarnpkg.com/vlq/-/vlq-0.2.2.tgz#e316d5257b40b86bb43cb8d5fea5d7f54d6b0ca1"

wrappy@1:
  version "1.0.2"
  resolved "https://registry.yarnpkg.com/wrappy/-/wrappy-1.0.2.tgz#b5243d8f3ec1aa35f1364605bc0d1036e30ab69f"
